# This file was autogenerated by Stack.
# You should not edit this file by hand.
# For more information, please see the documentation at:
#   https://docs.haskellstack.org/en/stable/lock_files

packages:
- completed:
    hackage: SimpleAES-0.4.2@sha256:d24c06a82f246071192bbcc62f8e12c531fbd70f5482a71568b797b66f6dfa60,1436
    pantry-tree:
      size: 1025
      sha256: 8fd95943d3b5df8b67ac95d765b32473c0f0af4adb8ad21c120a091bdce42710
  original:
    hackage: SimpleAES-0.4.2@sha256:d24c06a82f246071192bbcc62f8e12c531fbd70f5482a71568b797b66f6dfa60,1436
- completed:
    hackage: regex-posix-clib-2.7@sha256:998fca06da3d719818f0691ef0b8b9b7375afeea228cb08bd9e2db53f96b0cd7,1232
    pantry-tree:
      size: 524
      sha256: 5bf20952472d930323766d250f5fbbe3fe6f2cd3d931e5cf7b62a238ab2099ff
  original:
    hackage: regex-posix-clib-2.7
snapshots:
- completed:
    size: 492027
    url: https://raw.githubusercontent.com/commercialhaskell/stackage-snapshots/master/lts/15/9.yaml
    sha256: 11394dc975e96c2fea90f7f2b3229630d46351a092ebcec78f0a56403930b429
  original: lts-15.9
